// !$*UTF8*$!
{
	archiveVersion = 1;
	classes = {
	};
	objectVersion = 70;
	objects = {

/* Begin PBXBuildFile section */
		022932502F4F107300976C81 /* SystemNowPlayingCenter.swift in Sources */ = {isa = PBXBuildFile; fileRef = 0229324C2F4F0FFA00976C81 /* SystemNowPlayingCenter.swift */; };
		022932542F4F120000976C81 /* ShazamService.swift in Sources */ = {isa = PBXBuildFile; fileRef = 022932532F4F120000976C81 /* ShazamService.swift */; };
		02BE4C8B2F4F1C1E00FC1D41 /* TelemetryDeck in Frameworks */ = {isa = PBXBuildFile; productRef = 02BE4C8A2F4F1C1E00FC1D41 /* TelemetryDeck */; };
		02C28F1C2F50C48700E9E0F4 /* ICYMetadataService.swift in Sources */ = {isa = PBXBuildFile; fileRef = 02C28F1B2F50C48700E9E0F4 /* ICYMetadataService.swift */; };
		02E746C32F4EE92300CE6A43 /* AppIcon.icon in Resources */ = {isa = PBXBuildFile; fileRef = 02E746C22F4EE92300CE6A43 /* AppIcon.icon */; };
		02E78A892F4F2BF400B03989 /* WidgetKit.framework in Frameworks */ = {isa = PBXBuildFile; fileRef = 02E78A882F4F2BF400B03989 /* WidgetKit.framework */; };
		02E78A8B2F4F2BF400B03989 /* SwiftUI.framework in Frameworks */ = {isa = PBXBuildFile; fileRef = 02E78A8A2F4F2BF400B03989 /* SwiftUI.framework */; };
		02E78A982F4F2BF500B03989 /* Radio Browser WidgetExtension.appex in Embed Foundation Extensions */ = {isa = PBXBuildFile; fileRef = 02E78A862F4F2BF400B03989 /* Radio Browser WidgetExtension.appex */; platformFilters = (ios, macos, xros, ); settings = {ATTRIBUTES = (RemoveHeadersOnCopy, ); }; };
/* End PBXBuildFile section */

/* Begin PBXContainerItemProxy section */
		02E78A962F4F2BF500B03989 /* PBXContainerItemProxy */ = {
			isa = PBXContainerItemProxy;
			containerPortal = 1E5D6CDF261F4D4200D0138B /* Project object */;
			proxyType = 1;
			remoteGlobalIDString = 02E78A852F4F2BF400B03989;
			remoteInfo = "Radio Browser WidgetExtension";
		};
/* End PBXContainerItemProxy section */

/* Begin PBXCopyFilesBuildPhase section */
		02E78A992F4F2BF500B03989 /* Embed Foundation Extensions */ = {
			isa = PBXCopyFilesBuildPhase;
			buildActionMask = 2147483647;
			dstPath = "";
			dstSubfolderSpec = 13;
			files = (
				02E78A982F4F2BF500B03989 /* Radio Browser WidgetExtension.appex in Embed Foundation Extensions */,
			);
			name = "Embed Foundation Extensions";
			runOnlyForDeploymentPostprocessing = 0;
		};
/* End PBXCopyFilesBuildPhase section */

/* Begin PBXFileReference section */
		0229324C2F4F0FFA00976C81 /* SystemNowPlayingCenter.swift */ = {isa = PBXFileReference; lastKnownFileType = sourcecode.swift; path = SystemNowPlayingCenter.swift; sourceTree = "<group>"; };
		022932532F4F120000976C81 /* ShazamService.swift */ = {isa = PBXFileReference; lastKnownFileType = sourcecode.swift; path = ShazamService.swift; sourceTree = "<group>"; };
		02C28F1B2F50C48700E9E0F4 /* ICYMetadataService.swift */ = {isa = PBXFileReference; lastKnownFileType = sourcecode.swift; path = ICYMetadataService.swift; sourceTree = "<group>"; };
		02E746C22F4EE92300CE6A43 /* AppIcon.icon */ = {isa = PBXFileReference; lastKnownFileType = folder.iconcomposer.icon; path = AppIcon.icon; sourceTree = "<group>"; };
		02E78A862F4F2BF400B03989 /* Radio Browser WidgetExtension.appex */ = {isa = PBXFileReference; explicitFileType = "wrapper.app-extension"; includeInIndex = 0; path = "Radio Browser WidgetExtension.appex"; sourceTree = BUILT_PRODUCTS_DIR; };
		02E78A882F4F2BF400B03989 /* WidgetKit.framework */ = {isa = PBXFileReference; lastKnownFileType = wrapper.framework; name = WidgetKit.framework; path = /System/Library/Frameworks/WidgetKit.framework; sourceTree = "<absolute>"; };
		02E78A8A2F4F2BF400B03989 /* SwiftUI.framework */ = {isa = PBXFileReference; lastKnownFileType = wrapper.framework; name = SwiftUI.framework; path = /System/Library/Frameworks/SwiftUI.framework; sourceTree = "<absolute>"; };
		1E5D6CEB261F4D4300D0138B /* Radio Browser.app */ = {isa = PBXFileReference; explicitFileType = wrapper.application; includeInIndex = 0; path = "Radio Browser.app"; sourceTree = BUILT_PRODUCTS_DIR; };
/* End PBXFileReference section */

/* Begin PBXFileSystemSynchronizedBuildFileExceptionSet section */
		0229324E2F4F104900976C81 /* PBXFileSystemSynchronizedBuildFileExceptionSet */ = {
			isa = PBXFileSystemSynchronizedBuildFileExceptionSet;
			membershipExceptions = (
				Components/AirPlayRoutePickerView.swift,
				Components/AnimatedBlobBackground.swift,
				Components/CoverFlowStationView.swift,
				Components/MenuBarHeaderView.swift,
				Components/NowPlayingView.swift,
				Components/ShazamButtonView.swift,
				Components/ShazamStatusFooterView.swift,
				Components/StationStripView.swift,
				RadioMenuBarView.swift,
				ShazamResultView.swift,
			);
			target = 1E5D6CEA261F4D4300D0138B /* Radio Browser */;
		};
		02A16B992F4EF3CA009D3C64 /* PBXFileSystemSynchronizedBuildFileExceptionSet */ = {
			isa = PBXFileSystemSynchronizedBuildFileExceptionSet;
			membershipExceptions = (
				NowPlayingViewModel.swift,
				RadioPlayerViewModel.swift,
			);
			target = 1E5D6CEA261F4D4300D0138B /* Radio Browser */;
		};
		02E746BD2F4EE32D00CE6A43 /* PBXFileSystemSynchronizedBuildFileExceptionSet */ = {
			isa = PBXFileSystemSynchronizedBuildFileExceptionSet;
			membershipExceptions = (
				NowPlayingModels.swift,
				Radio.swift,
				ShazamResult.swift,
			);
			target = 1E5D6CEA261F4D4300D0138B /* Radio Browser */;
		};
		02E746BF2F4EE41300CE6A43 /* PBXFileSystemSynchronizedBuildFileExceptionSet */ = {
			isa = PBXFileSystemSynchronizedBuildFileExceptionSet;
			membershipExceptions = (
				Analytics.swift,
				Assets.xcassets,
				ContentView.swift,
				Radio_BrowserApp.swift,
			);
			target = 1E5D6CEA261F4D4300D0138B /* Radio Browser */;
		};
		02E78AA02F4F2D4E00B03989 /* PBXFileSystemSynchronizedBuildFileExceptionSet */ = {
			isa = PBXFileSystemSynchronizedBuildFileExceptionSet;
			membershipExceptions = (
				Assets.xcassets,
			);
			target = 02E78A852F4F2BF400B03989 /* Radio Browser WidgetExtension */;
		};
		02E78AA12F4F2D6700B03989 /* PBXFileSystemSynchronizedBuildFileExceptionSet */ = {
			isa = PBXFileSystemSynchronizedBuildFileExceptionSet;
			membershipExceptions = (
				Info.plist,
			);
			target = 02E78A852F4F2BF400B03989 /* Radio Browser WidgetExtension */;
		};
/* End PBXFileSystemSynchronizedBuildFileExceptionSet section */

/* Begin PBXFileSystemSynchronizedRootGroup section */
		022932432F4F0EC500976C81 /* Views */ = {isa = PBXFileSystemSynchronizedRootGroup; exceptions = (0229324E2F4F104900976C81 /* PBXFileSystemSynchronizedBuildFileExceptionSet */, ); explicitFileTypes = {}; explicitFolders = (); path = Views; sourceTree = "<group>"; };
		02E746B92F4EE30D00CE6A43 /* Models */ = {isa = PBXFileSystemSynchronizedRootGroup; exceptions = (02E746BD2F4EE32D00CE6A43 /* PBXFileSystemSynchronizedBuildFileExceptionSet */, ); explicitFileTypes = {}; explicitFolders = (); path = Models; sourceTree = "<group>"; };
		02E746BA2F4EE31600CE6A43 /* View Models */ = {isa = PBXFileSystemSynchronizedRootGroup; exceptions = (02A16B992F4EF3CA009D3C64 /* PBXFileSystemSynchronizedBuildFileExceptionSet */, ); explicitFileTypes = {}; explicitFolders = (); path = "View Models"; sourceTree = "<group>"; };
		02E746BE2F4EE40600CE6A43 /* General */ = {isa = PBXFileSystemSynchronizedRootGroup; exceptions = (02E746BF2F4EE41300CE6A43 /* PBXFileSystemSynchronizedBuildFileExceptionSet */, 02E78AA02F4F2D4E00B03989 /* PBXFileSystemSynchronizedBuildFileExceptionSet */, ); explicitFileTypes = {}; explicitFolders = (); path = General; sourceTree = "<group>"; };
		02E78A8C2F4F2BF400B03989 /* Radio Browser Widget */ = {isa = PBXFileSystemSynchronizedRootGroup; exceptions = (02E78AA12F4F2D6700B03989 /* PBXFileSystemSynchronizedBuildFileExceptionSet */, ); explicitFileTypes = {}; explicitFolders = (); path = "Radio Browser Widget"; sourceTree = "<group>"; };
/* End PBXFileSystemSynchronizedRootGroup section */

/* Begin PBXFrameworksBuildPhase section */
		02E78A832F4F2BF400B03989 /* Frameworks */ = {
			isa = PBXFrameworksBuildPhase;
			buildActionMask = 2147483647;
			files = (
				02E78A8B2F4F2BF400B03989 /* SwiftUI.framework in Frameworks */,
				02E78A892F4F2BF400B03989 /* WidgetKit.framework in Frameworks */,
			);
			runOnlyForDeploymentPostprocessing = 0;
		};
		1E5D6CE8261F4D4300D0138B /* Frameworks */ = {
			isa = PBXFrameworksBuildPhase;
			buildActionMask = 2147483647;
			files = (
				02BE4C8B2F4F1C1E00FC1D41 /* TelemetryDeck in Frameworks */,
			);
			runOnlyForDeploymentPostprocessing = 0;
		};
/* End PBXFrameworksBuildPhase section */

/* Begin PBXGroup section */
		0229324B2F4F0FF100976C81 /* Services */ = {
			isa = PBXGroup;
			children = (
				0229324C2F4F0FFA00976C81 /* SystemNowPlayingCenter.swift */,
				022932532F4F120000976C81 /* ShazamService.swift */,
				02C28F1B2F50C48700E9E0F4 /* ICYMetadataService.swift */,
			);
			path = Services;
			sourceTree = "<group>";
		};
		02E78A872F4F2BF400B03989 /* Frameworks */ = {
			isa = PBXGroup;
			children = (
				02E78A882F4F2BF400B03989 /* WidgetKit.framework */,
				02E78A8A2F4F2BF400B03989 /* SwiftUI.framework */,
			);
			name = Frameworks;
			sourceTree = "<group>";
		};
		1E5D6CDE261F4D4200D0138B = {
			isa = PBXGroup;
			children = (
				02E746C22F4EE92300CE6A43 /* AppIcon.icon */,
				022932432F4F0EC500976C81 /* Views */,
				02E746BE2F4EE40600CE6A43 /* General */,
				02E746BA2F4EE31600CE6A43 /* View Models */,
				02E746B92F4EE30D00CE6A43 /* Models */,
				02E78A8C2F4F2BF400B03989 /* Radio Browser Widget */,
				02E78A872F4F2BF400B03989 /* Frameworks */,
				1E5D6CEC261F4D4300D0138B /* Products */,
				0229324B2F4F0FF100976C81 /* Services */,
			);
			sourceTree = "<group>";
		};
		1E5D6CEC261F4D4300D0138B /* Products */ = {
			isa = PBXGroup;
			children = (
				1E5D6CEB261F4D4300D0138B /* Radio Browser.app */,
				02E78A862F4F2BF400B03989 /* Radio Browser WidgetExtension.appex */,
			);
			name = Products;
			sourceTree = "<group>";
		};
/* End PBXGroup section */

/* Begin PBXNativeTarget section */
		02E78A852F4F2BF400B03989 /* Radio Browser WidgetExtension */ = {
			isa = PBXNativeTarget;
			buildConfigurationList = 02E78A9C2F4F2BF500B03989 /* Build configuration list for PBXNativeTarget "Radio Browser WidgetExtension" */;
			buildPhases = (
				02E78A822F4F2BF400B03989 /* Sources */,
				02E78A832F4F2BF400B03989 /* Frameworks */,
				02E78A842F4F2BF400B03989 /* Resources */,
			);
			buildRules = (
			);
			dependencies = (
			);
			fileSystemSynchronizedGroups = (
				02E78A8C2F4F2BF400B03989 /* Radio Browser Widget */,
			);
			name = "Radio Browser WidgetExtension";
			packageProductDependencies = (
			);
			productName = "Radio Browser WidgetExtension";
			productReference = 02E78A862F4F2BF400B03989 /* Radio Browser WidgetExtension.appex */;
			productType = "com.apple.product-type.app-extension";
		};
		1E5D6CEA261F4D4300D0138B /* Radio Browser */ = {
			isa = PBXNativeTarget;
			buildConfigurationList = 1E5D6CFF261F4D4300D0138B /* Build configuration list for PBXNativeTarget "Radio Browser" */;
			buildPhases = (
				1E5D6CE7261F4D4300D0138B /* Sources */,
				1E5D6CE8261F4D4300D0138B /* Frameworks */,
				1E5D6CE9261F4D4300D0138B /* Resources */,
				02E78A992F4F2BF500B03989 /* Embed Foundation Extensions */,
			);
			buildRules = (
			);
			dependencies = (
				02E78A972F4F2BF500B03989 /* PBXTargetDependency */,
			);
			name = "Radio Browser";
			productName = "Radio Browser (iOS)";
			productReference = 1E5D6CEB261F4D4300D0138B /* Radio Browser.app */;
			productType = "com.apple.product-type.application";
		};
/* End PBXNativeTarget section */

/* Begin PBXProject section */
		1E5D6CDF261F4D4200D0138B /* Project object */ = {
			isa = PBXProject;
			attributes = {
				BuildIndependentTargetsInParallel = YES;
				LastSwiftUpdateCheck = 2630;
				LastUpgradeCheck = 2630;
				TargetAttributes = {
					02E78A852F4F2BF400B03989 = {
						CreatedOnToolsVersion = 26.3;
					};
					1E5D6CEA261F4D4300D0138B = {
						CreatedOnToolsVersion = 12.4;
					};
				};
			};
			buildConfigurationList = 1E5D6CE2261F4D4200D0138B /* Build configuration list for PBXProject "Radio Browser" */;
			compatibilityVersion = "Xcode 9.3";
			developmentRegion = en;
			hasScannedForEncodings = 0;
			knownRegions = (
				en,
				Base,
			);
			mainGroup = 1E5D6CDE261F4D4200D0138B;
			packageReferences = (
				02BE4C892F4F1C1E00FC1D41 /* XCRemoteSwiftPackageReference "SwiftSDK" */,
			);
			productRefGroup = 1E5D6CEC261F4D4300D0138B /* Products */;
			projectDirPath = "";
			projectRoot = "";
			targets = (
				1E5D6CEA261F4D4300D0138B /* Radio Browser */,
				02E78A852F4F2BF400B03989 /* Radio Browser WidgetExtension */,
			);
		};
/* End PBXProject section */

/* Begin PBXResourcesBuildPhase section */
		02E78A842F4F2BF400B03989 /* Resources */ = {
			isa = PBXResourcesBuildPhase;
			buildActionMask = 2147483647;
			files = (
			);
			runOnlyForDeploymentPostprocessing = 0;
		};
		1E5D6CE9261F4D4300D0138B /* Resources */ = {
			isa = PBXResourcesBuildPhase;
			buildActionMask = 2147483647;
			files = (
				02E746C32F4EE92300CE6A43 /* AppIcon.icon in Resources */,
			);
			runOnlyForDeploymentPostprocessing = 0;
		};
/* End PBXResourcesBuildPhase section */

/* Begin PBXSourcesBuildPhase section */
		02E78A822F4F2BF400B03989 /* Sources */ = {
			isa = PBXSourcesBuildPhase;
			buildActionMask = 2147483647;
			files = (
			);
			runOnlyForDeploymentPostprocessing = 0;
		};
		1E5D6CE7261F4D4300D0138B /* Sources */ = {
			isa = PBXSourcesBuildPhase;
			buildActionMask = 2147483647;
			files = (
				02C28F1C2F50C48700E9E0F4 /* ICYMetadataService.swift in Sources */,
				022932502F4F107300976C81 /* SystemNowPlayingCenter.swift in Sources */,
				022932542F4F120000976C81 /* ShazamService.swift in Sources */,
			);
			runOnlyForDeploymentPostprocessing = 0;
		};
/* End PBXSourcesBuildPhase section */

/* Begin PBXTargetDependency section */
		02E78A972F4F2BF500B03989 /* PBXTargetDependency */ = {
			isa = PBXTargetDependency;
			platformFilters = (
				ios,
				macos,
				xros,
			);
			target = 02E78A852F4F2BF400B03989 /* Radio Browser WidgetExtension */;
			targetProxy = 02E78A962F4F2BF500B03989 /* PBXContainerItemProxy */;
		};
/* End PBXTargetDependency section */

/* Begin XCBuildConfiguration section */
		02E78A9A2F4F2BF500B03989 /* Debug */ = {
			isa = XCBuildConfiguration;
			buildSettings = {
				ASSETCATALOG_COMPILER_GLOBAL_ACCENT_COLOR_NAME = AccentColor;
				ASSETCATALOG_COMPILER_WIDGET_BACKGROUND_COLOR_NAME = WidgetBackground;
				CLANG_CXX_LANGUAGE_STANDARD = "gnu++20";
				CODE_SIGN_IDENTITY = "Apple Development";
				CODE_SIGN_STYLE = Automatic;
				CURRENT_PROJECT_VERSION = 1;
				DEVELOPMENT_TEAM = PNJ2ZGDY4C;
				ENABLE_APP_SANDBOX = YES;
				ENABLE_HARDENED_RUNTIME = YES;
				GCC_C_LANGUAGE_STANDARD = gnu17;
				GENERATE_INFOPLIST_FILE = YES;
				INFOPLIST_FILE = "Radio Browser Widget/Info.plist";
				INFOPLIST_KEY_CFBundleDisplayName = "Broadcast Alternative Collective";
				INFOPLIST_KEY_NSHumanReadableCopyright = "";
				IPHONEOS_DEPLOYMENT_TARGET = 26.2;
				LD_RUNPATH_SEARCH_PATHS = (
					"$(inherited)",
					"@executable_path/Frameworks",
					"@executable_path/../../Frameworks",
				);
				"LD_RUNPATH_SEARCH_PATHS[sdk=macosx*]" = (
					"$(inherited)",
					"@executable_path/../Frameworks",
					"@executable_path/../../../../Frameworks",
				);
				LOCALIZATION_PREFERS_STRING_CATALOGS = YES;
				MACOSX_DEPLOYMENT_TARGET = 26.2;
				MARKETING_VERSION = 1.0;
				PRODUCT_BUNDLE_IDENTIFIER = com.jeremieberduck.radioBrowser.widgets;
				PRODUCT_NAME = "$(TARGET_NAME)";
				SDKROOT = auto;
				SKIP_INSTALL = YES;
				STRING_CATALOG_GENERATE_SYMBOLS = YES;
				SUPPORTED_PLATFORMS = "iphoneos iphonesimulator macosx xros xrsimulator";
				SWIFT_ACTIVE_COMPILATION_CONDITIONS = "DEBUG $(inherited)";
				SWIFT_APPROACHABLE_CONCURRENCY = YES;
				SWIFT_EMIT_LOC_STRINGS = YES;
				SWIFT_UPCOMING_FEATURE_MEMBER_IMPORT_VISIBILITY = YES;
				SWIFT_VERSION = 5.0;
				TARGETED_DEVICE_FAMILY = "1,2,7";
				XROS_DEPLOYMENT_TARGET = 26.2;
			};
			name = Debug;
		};
		02E78A9B2F4F2BF500B03989 /* Release */ = {
			isa = XCBuildConfiguration;
			buildSettings = {
				ASSETCATALOG_COMPILER_GLOBAL_ACCENT_COLOR_NAME = AccentColor;
				ASSETCATALOG_COMPILER_WIDGET_BACKGROUND_COLOR_NAME = WidgetBackground;
				CLANG_CXX_LANGUAGE_STANDARD = "gnu++20";
				CODE_SIGN_IDENTITY = "Apple Development";
				CODE_SIGN_STYLE = Automatic;
				CURRENT_PROJECT_VERSION = 1;
				DEVELOPMENT_TEAM = PNJ2ZGDY4C;
				ENABLE_APP_SANDBOX = YES;
				ENABLE_HARDENED_RUNTIME = YES;
				GCC_C_LANGUAGE_STANDARD = gnu17;
				GENERATE_INFOPLIST_FILE = YES;
				INFOPLIST_FILE = "Radio Browser Widget/Info.plist";
				INFOPLIST_KEY_CFBundleDisplayName = "Broadcast Alternative Collective";
				INFOPLIST_KEY_NSHumanReadableCopyright = "";
				IPHONEOS_DEPLOYMENT_TARGET = 26.2;
				LD_RUNPATH_SEARCH_PATHS = (
					"$(inherited)",
					"@executable_path/Frameworks",
					"@executable_path/../../Frameworks",
				);
				"LD_RUNPATH_SEARCH_PATHS[sdk=macosx*]" = (
					"$(inherited)",
					"@executable_path/../Frameworks",
					"@executable_path/../../../../Frameworks",
				);
				LOCALIZATION_PREFERS_STRING_CATALOGS = YES;
				MACOSX_DEPLOYMENT_TARGET = 26.2;
				MARKETING_VERSION = 1.0;
				PRODUCT_BUNDLE_IDENTIFIER = com.jeremieberduck.radioBrowser.widgets;
				PRODUCT_NAME = "$(TARGET_NAME)";
				SDKROOT = auto;
				SKIP_INSTALL = YES;
				STRING_CATALOG_GENERATE_SYMBOLS = YES;
				SUPPORTED_PLATFORMS = "iphoneos iphonesimulator macosx xros xrsimulator";
				SWIFT_APPROACHABLE_CONCURRENCY = YES;
				SWIFT_EMIT_LOC_STRINGS = YES;
				SWIFT_UPCOMING_FEATURE_MEMBER_IMPORT_VISIBILITY = YES;
				SWIFT_VERSION = 5.0;
				TARGETED_DEVICE_FAMILY = "1,2,7";
				XROS_DEPLOYMENT_TARGET = 26.2;
			};
			name = Release;
		};
		1E5D6CFD261F4D4300D0138B /* Debug */ = {
			isa = XCBuildConfiguration;
			buildSettings = {
				ALWAYS_SEARCH_USER_PATHS = NO;
				ASSETCATALOG_COMPILER_GENERATE_SWIFT_ASSET_SYMBOL_EXTENSIONS = YES;
				CLANG_ANALYZER_NONNULL = YES;
				CLANG_ANALYZER_NUMBER_OBJECT_CONVERSION = YES_AGGRESSIVE;
				CLANG_CXX_LANGUAGE_STANDARD = "gnu++14";
				CLANG_CXX_LIBRARY = "libc++";
				CLANG_ENABLE_MODULES = YES;
				CLANG_ENABLE_OBJC_ARC = YES;
				CLANG_ENABLE_OBJC_WEAK = YES;
				CLANG_WARN_BLOCK_CAPTURE_AUTORELEASING = YES;
				CLANG_WARN_BOOL_CONVERSION = YES;
				CLANG_WARN_COMMA = YES;
				CLANG_WARN_CONSTANT_CONVERSION = YES;
				CLANG_WARN_DEPRECATED_OBJC_IMPLEMENTATIONS = YES;
				CLANG_WARN_DIRECT_OBJC_ISA_USAGE = YES_ERROR;
				CLANG_WARN_DOCUMENTATION_COMMENTS = YES;
				CLANG_WARN_EMPTY_BODY = YES;
				CLANG_WARN_ENUM_CONVERSION = YES;
				CLANG_WARN_INFINITE_RECURSION = YES;
				CLANG_WARN_INT_CONVERSION = YES;
				CLANG_WARN_NON_LITERAL_NULL_CONVERSION = YES;
				CLANG_WARN_OBJC_IMPLICIT_RETAIN_SELF = YES;
				CLANG_WARN_OBJC_LITERAL_CONVERSION = YES;
				CLANG_WARN_OBJC_ROOT_CLASS = YES_ERROR;
				CLANG_WARN_QUOTED_INCLUDE_IN_FRAMEWORK_HEADER = YES;
				CLANG_WARN_RANGE_LOOP_ANALYSIS = YES;
				CLANG_WARN_STRICT_PROTOTYPES = YES;
				CLANG_WARN_SUSPICIOUS_MOVE = YES;
				CLANG_WARN_UNGUARDED_AVAILABILITY = YES_AGGRESSIVE;
				CLANG_WARN_UNREACHABLE_CODE = YES;
				CLANG_WARN__DUPLICATE_METHOD_MATCH = YES;
				COPY_PHASE_STRIP = NO;
				DEAD_CODE_STRIPPING = YES;
				DEBUG_INFORMATION_FORMAT = dwarf;
				DEVELOPMENT_TEAM = PNJ2ZGDY4C;
				ENABLE_STRICT_OBJC_MSGSEND = YES;
				ENABLE_TESTABILITY = YES;
				ENABLE_USER_SCRIPT_SANDBOXING = YES;
				GCC_C_LANGUAGE_STANDARD = gnu11;
				GCC_DYNAMIC_NO_PIC = NO;
				GCC_NO_COMMON_BLOCKS = YES;
				GCC_OPTIMIZATION_LEVEL = 0;
				GCC_PREPROCESSOR_DEFINITIONS = (
					"DEBUG=1",
					"$(inherited)",
				);
				GCC_WARN_64_TO_32_BIT_CONVERSION = YES;
				GCC_WARN_ABOUT_RETURN_TYPE = YES_ERROR;
				GCC_WARN_UNDECLARED_SELECTOR = YES;
				GCC_WARN_UNINITIALIZED_AUTOS = YES_AGGRESSIVE;
				GCC_WARN_UNUSED_FUNCTION = YES;
				GCC_WARN_UNUSED_VARIABLE = YES;
				MTL_ENABLE_DEBUG_INFO = INCLUDE_SOURCE;
				MTL_FAST_MATH = YES;
				ONLY_ACTIVE_ARCH = YES;
				STRING_CATALOG_GENERATE_SYMBOLS = YES;
				SWIFT_ACTIVE_COMPILATION_CONDITIONS = DEBUG;
				SWIFT_OPTIMIZATION_LEVEL = "-Onone";
			};
			name = Debug;
		};
		1E5D6CFE261F4D4300D0138B /* Release */ = {
			isa = XCBuildConfiguration;
			buildSettings = {
				ALWAYS_SEARCH_USER_PATHS = NO;
				ASSETCATALOG_COMPILER_GENERATE_SWIFT_ASSET_SYMBOL_EXTENSIONS = YES;
				CLANG_ANALYZER_NONNULL = YES;
				CLANG_ANALYZER_NUMBER_OBJECT_CONVERSION = YES_AGGRESSIVE;
				CLANG_CXX_LANGUAGE_STANDARD = "gnu++14";
				CLANG_CXX_LIBRARY = "libc++";
				CLANG_ENABLE_MODULES = YES;
				CLANG_ENABLE_OBJC_ARC = YES;
				CLANG_ENABLE_OBJC_WEAK = YES;
				CLANG_WARN_BLOCK_CAPTURE_AUTORELEASING = YES;
				CLANG_WARN_BOOL_CONVERSION = YES;
				CLANG_WARN_COMMA = YES;
				CLANG_WARN_CONSTANT_CONVERSION = YES;
				CLANG_WARN_DEPRECATED_OBJC_IMPLEMENTATIONS = YES;
				CLANG_WARN_DIRECT_OBJC_ISA_USAGE = YES_ERROR;
				CLANG_WARN_DOCUMENTATION_COMMENTS = YES;
				CLANG_WARN_EMPTY_BODY = YES;
				CLANG_WARN_ENUM_CONVERSION = YES;
				CLANG_WARN_INFINITE_RECURSION = YES;
				CLANG_WARN_INT_CONVERSION = YES;
				CLANG_WARN_NON_LITERAL_NULL_CONVERSION = YES;
				CLANG_WARN_OBJC_IMPLICIT_RETAIN_SELF = YES;
				CLANG_WARN_OBJC_LITERAL_CONVERSION = YES;
				CLANG_WARN_OBJC_ROOT_CLASS = YES_ERROR;
				CLANG_WARN_QUOTED_INCLUDE_IN_FRAMEWORK_HEADER = YES;
				CLANG_WARN_RANGE_LOOP_ANALYSIS = YES;
				CLANG_WARN_STRICT_PROTOTYPES = YES;
				CLANG_WARN_SUSPICIOUS_MOVE = YES;
				CLANG_WARN_UNGUARDED_AVAILABILITY = YES_AGGRESSIVE;
				CLANG_WARN_UNREACHABLE_CODE = YES;
				CLANG_WARN__DUPLICATE_METHOD_MATCH = YES;
				COPY_PHASE_STRIP = NO;
				DEAD_CODE_STRIPPING = YES;
				DEBUG_INFORMATION_FORMAT = "dwarf-with-dsym";
				DEVELOPMENT_TEAM = PNJ2ZGDY4C;
				ENABLE_NS_ASSERTIONS = NO;
				ENABLE_STRICT_OBJC_MSGSEND = YES;
				ENABLE_USER_SCRIPT_SANDBOXING = YES;
				GCC_C_LANGUAGE_STANDARD = gnu11;
				GCC_NO_COMMON_BLOCKS = YES;
				GCC_WARN_64_TO_32_BIT_CONVERSION = YES;
				GCC_WARN_ABOUT_RETURN_TYPE = YES_ERROR;
				GCC_WARN_UNDECLARED_SELECTOR = YES;
				GCC_WARN_UNINITIALIZED_AUTOS = YES_AGGRESSIVE;
				GCC_WARN_UNUSED_FUNCTION = YES;
				GCC_WARN_UNUSED_VARIABLE = YES;
				MTL_ENABLE_DEBUG_INFO = NO;
				MTL_FAST_MATH = YES;
				STRING_CATALOG_GENERATE_SYMBOLS = YES;
				SWIFT_COMPILATION_MODE = wholemodule;
				SWIFT_OPTIMIZATION_LEVEL = "-O";
			};
			name = Release;
		};
		1E5D6D00261F4D4300D0138B /* Debug */ = {
			isa = XCBuildConfiguration;
			buildSettings = {
				ASSETCATALOG_COMPILER_APPICON_NAME = AppIcon;
				ASSETCATALOG_COMPILER_GLOBAL_ACCENT_COLOR_NAME = AccentColor;
				ASSETCATALOG_COMPILER_INCLUDE_ALL_APPICON_ASSETS = YES;
				CODE_SIGN_IDENTITY = "Apple Development";
				CODE_SIGN_STYLE = Automatic;
				CURRENT_PROJECT_VERSION = 1;
				DEVELOPMENT_TEAM = PNJ2ZGDY4C;
				ENABLE_APP_SANDBOX = YES;
				ENABLE_HARDENED_RUNTIME = YES;
				ENABLE_INCOMING_NETWORK_CONNECTIONS = NO;
				ENABLE_OUTGOING_NETWORK_CONNECTIONS = YES;
				ENABLE_PREVIEWS = YES;
				ENABLE_RESOURCE_ACCESS_AUDIO_INPUT = YES;
				ENABLE_RESOURCE_ACCESS_BLUETOOTH = NO;
				ENABLE_RESOURCE_ACCESS_CALENDARS = NO;
				ENABLE_RESOURCE_ACCESS_CAMERA = NO;
				ENABLE_RESOURCE_ACCESS_CONTACTS = NO;
				ENABLE_RESOURCE_ACCESS_LOCATION = NO;
				ENABLE_RESOURCE_ACCESS_PRINTING = NO;
				ENABLE_RESOURCE_ACCESS_USB = NO;
				INFOPLIST_FILE = General/Info.plist;
				INFOPLIST_KEY_CFBundleDisplayName = "Broadcast Alternative Collective";
				INFOPLIST_KEY_LSApplicationCategoryType = "public.app-category.music";
				IPHONEOS_DEPLOYMENT_TARGET = 26.0;
				LD_RUNPATH_SEARCH_PATHS = (
					"$(inherited)",
					"@executable_path/Frameworks",
				);
				MACOSX_DEPLOYMENT_TARGET = 26.0;
				MARKETING_VERSION = 0.1;
				PRODUCT_BUNDLE_IDENTIFIER = com.jeremieberduck.radioBrowser;
				PRODUCT_NAME = "Radio Browser";
				PROVISIONING_PROFILE_SPECIFIER = "";
				REGISTER_APP_GROUPS = YES;
				SDKROOT = iphoneos;
				SUPPORTED_PLATFORMS = "appletvos appletvsimulator iphoneos iphonesimulator macosx xros xrsimulator";
				SUPPORTS_MACCATALYST = NO;
				SUPPORTS_MAC_DESIGNED_FOR_IPHONE_IPAD = NO;
				SUPPORTS_XR_DESIGNED_FOR_IPHONE_IPAD = NO;
				SWIFT_VERSION = 5.0;
				TARGETED_DEVICE_FAMILY = "1,2,3,7";
				TVOS_DEPLOYMENT_TARGET = 26.0;
				WATCHOS_DEPLOYMENT_TARGET = 26.0;
				XROS_DEPLOYMENT_TARGET = 26.0;
			};
			name = Debug;
		};
		1E5D6D01261F4D4300D0138B /* Release */ = {
			isa = XCBuildConfiguration;
			buildSettings = {
				ASSETCATALOG_COMPILER_APPICON_NAME = AppIcon;
				ASSETCATALOG_COMPILER_GLOBAL_ACCENT_COLOR_NAME = AccentColor;
				ASSETCATALOG_COMPILER_INCLUDE_ALL_APPICON_ASSETS = YES;
				CODE_SIGN_IDENTITY = "Apple Development";
				CODE_SIGN_STYLE = Automatic;
				CURRENT_PROJECT_VERSION = 1;
				DEVELOPMENT_TEAM = PNJ2ZGDY4C;
				ENABLE_APP_SANDBOX = YES;
				ENABLE_HARDENED_RUNTIME = YES;
				ENABLE_INCOMING_NETWORK_CONNECTIONS = NO;
				ENABLE_OUTGOING_NETWORK_CONNECTIONS = YES;
				ENABLE_PREVIEWS = YES;
				ENABLE_RESOURCE_ACCESS_AUDIO_INPUT = YES;
				ENABLE_RESOURCE_ACCESS_BLUETOOTH = NO;
				ENABLE_RESOURCE_ACCESS_CALENDARS = NO;
				ENABLE_RESOURCE_ACCESS_CAMERA = NO;
				ENABLE_RESOURCE_ACCESS_CONTACTS = NO;
				ENABLE_RESOURCE_ACCESS_LOCATION = NO;
				ENABLE_RESOURCE_ACCESS_PRINTING = NO;
				ENABLE_RESOURCE_ACCESS_USB = NO;
				INFOPLIST_FILE = General/Info.plist;
				INFOPLIST_KEY_CFBundleDisplayName = "Broadcast Alternative Collective";
				INFOPLIST_KEY_LSApplicationCategoryType = "public.app-category.music";
				IPHONEOS_DEPLOYMENT_TARGET = 26.0;
				LD_RUNPATH_SEARCH_PATHS = (
					"$(inherited)",
					"@executable_path/Frameworks",
				);
				MACOSX_DEPLOYMENT_TARGET = 26.0;
				MARKETING_VERSION = 0.1;
				PRODUCT_BUNDLE_IDENTIFIER = com.jeremieberduck.radioBrowser;
				PRODUCT_NAME = "Radio Browser";
				PROVISIONING_PROFILE_SPECIFIER = "";
				REGISTER_APP_GROUPS = YES;
				SDKROOT = iphoneos;
				SUPPORTED_PLATFORMS = "appletvos appletvsimulator iphoneos iphonesimulator macosx xros xrsimulator";
				SUPPORTS_MACCATALYST = NO;
				SUPPORTS_MAC_DESIGNED_FOR_IPHONE_IPAD = NO;
				SUPPORTS_XR_DESIGNED_FOR_IPHONE_IPAD = NO;
				SWIFT_VERSION = 5.0;
				TARGETED_DEVICE_FAMILY = "1,2,3,7";
				TVOS_DEPLOYMENT_TARGET = 26.0;
				VALIDATE_PRODUCT = YES;
				WATCHOS_DEPLOYMENT_TARGET = 26.0;
				XROS_DEPLOYMENT_TARGET = 26.0;
			};
			name = Release;
		};
/* End XCBuildConfiguration section */

/* Begin XCConfigurationList section */
		02E78A9C2F4F2BF500B03989 /* Build configuration list for PBXNativeTarget "Radio Browser WidgetExtension" */ = {
			isa = XCConfigurationList;
			buildConfigurations = (
				02E78A9A2F4F2BF500B03989 /* Debug */,
				02E78A9B2F4F2BF500B03989 /* Release */,
			);
			defaultConfigurationIsVisible = 0;
			defaultConfigurationName = Release;
		};
		1E5D6CE2261F4D4200D0138B /* Build configuration list for PBXProject "Radio Browser" */ = {
			isa = XCConfigurationList;
			buildConfigurations = (
				1E5D6CFD261F4D4300D0138B /* Debug */,
				1E5D6CFE261F4D4300D0138B /* Release */,
			);
			defaultConfigurationIsVisible = 0;
			defaultConfigurationName = Release;
		};
		1E5D6CFF261F4D4300D0138B /* Build configuration list for PBXNativeTarget "Radio Browser" */ = {
			isa = XCConfigurationList;
			buildConfigurations = (
				1E5D6D00261F4D4300D0138B /* Debug */,
				1E5D6D01261F4D4300D0138B /* Release */,
			);
			defaultConfigurationIsVisible = 0;
			defaultConfigurationName = Release;
		};
/* End XCConfigurationList section */

/* Begin XCRemoteSwiftPackageReference section */
		02BE4C892F4F1C1E00FC1D41 /* XCRemoteSwiftPackageReference "SwiftSDK" */ = {
			isa = XCRemoteSwiftPackageReference;
			repositoryURL = "https://github.com/TelemetryDeck/SwiftSDK";
			requirement = {
				kind = upToNextMajorVersion;
				minimumVersion = 2.11.0;
			};
		};
/* End XCRemoteSwiftPackageReference section */

/* Begin XCSwiftPackageProductDependency section */
		02BE4C8A2F4F1C1E00FC1D41 /* TelemetryDeck */ = {
			isa = XCSwiftPackageProductDependency;
			package = 02BE4C892F4F1C1E00FC1D41 /* XCRemoteSwiftPackageReference "SwiftSDK" */;
			productName = TelemetryDeck;
		};
/* End XCSwiftPackageProductDependency section */
	};
	rootObject = 1E5D6CDF261F4D4200D0138B /* Project object */;
}
